PODS:
  - Delighted (1.2.1):
    - Starscream (~> 4.0)
  - Starscream (4.0.4)

DEPENDENCIES:
  - Delighted (from `../`)

SPEC REPOS:
  trunk:
    - Starscream

EXTERNAL SOURCES:
  Delighted:
    :path: "../"

SPEC CHECKSUMS:
  Delighted: 4c0cd9b3342be0520bacf35479906bd305c692f6
  Starscream: 5178aed56b316f13fa3bc55694e583d35dd414d9

PODFILE CHECKSUM: 0319bb00fd71717b47d3232b17621c24c376258c

COCOAPODS: 1.10.1
