// !$*UTF8*$!
{
	archiveVersion = 1;
	classes = {
	};
	objectVersion = 46;
	objects = {

/* Begin PBXBuildFile section */
		005CC9CFFA0225A31470DB0FF9C0B678 /* Strings.swift in Sources */ = {isa = PBXBuildFile; fileRef = A4E4F801A440DFFD3CF1F2E2860CB0B4 /* Strings.swift */; };
		068E5963381B58D7D8CD321462F567ED /* Compression.swift in Sources */ = {isa = PBXBuildFile; fileRef = BA2E057170ECA65E2F05A5B595252784 /* Compression.swift */; };
		0740EA331D08165D95F58DF7AAD58941 /* Scale.swift in Sources */ = {isa = PBXBuildFile; fileRef = ED6CA9E68FFB447F9210331BC4C7A261 /* Scale.swift */; };
		1627E6FA0453D6DB472BA444F1D32AE7 /* SSLClientCertificate.swift in Sources */ = {isa = PBXBuildFile; fileRef = E48F7922C44A3645750BD18CCCF671B0 /* SSLClientCertificate.swift */; };
		165E0436CBEBB9014B6E2A2D47415C32 /* Delighted.swift in Sources */ = {isa = PBXBuildFile; fileRef = 688F9112E1A001A66DB44F896E7D072F /* Delighted.swift */; };
		204CDEC532C277504B55D1EF09A13225 /* Stars.swift in Sources */ = {isa = PBXBuildFile; fileRef = 69D4A53DB8297B77EB8896BD85D576E2 /* Stars.swift */; };
		294D61E8A195B6A1F6AEDCF0F73599A5 /* Starscream-dummy.m in Sources */ = {isa = PBXBuildFile; fileRef = 01FB5DEA2CF4E44263A62924A53A069E /* Starscream-dummy.m */; };
		2AA8284EFD47D5F6C8C50DBD0BD4E52B /* SurveyViewController.swift in Sources */ = {isa = PBXBuildFile; fileRef = EC36F1AF28A41A1AF4F3F9FF6620D6FB /* SurveyViewController.swift */; };
		2E7A105974B650F9E6DE7219ED368EF3 /* SurveyRequest.swift in Sources */ = {isa = PBXBuildFile; fileRef = 51125069F97B9C7C7471D88852F317B8 /* SurveyRequest.swift */; };
		30B52BD8B6AE85530ED2314020C5D6C5 /* Assets.xcassets in Resources */ = {isa = PBXBuildFile; fileRef = 5338A639F498B69A117A3A76CA84C444 /* Assets.xcassets */; };
		33B09F50CF63CFE7D19F7F1A52618D63 /* Person.swift in Sources */ = {isa = PBXBuildFile; fileRef = 4F5592B959D1AEB6B8928D091E893F87 /* Person.swift */; };
		36B239BA9DFBBDEDDF867DC02998CF97 /* ThankYou.swift in Sources */ = {isa = PBXBuildFile; fileRef = 42EAED62A41BC6F41805DB3B8E3AA3DF /* ThankYou.swift */; };
		38E80D301205AE65BD0FF956748EA0A3 /* EligibilityConfiguration.swift in Sources */ = {isa = PBXBuildFile; fileRef = 06021BC302D2B6071D527EA21EA1B172 /* EligibilityConfiguration.swift */; };
		3EE846C605FA839E0C2008EC449AA2F7 /* Images.swift in Sources */ = {isa = PBXBuildFile; fileRef = 27EACB0335920CE97902A9CF8E60A87B /* Images.swift */; };
		4429D8525D33AA7915FC99B09DE2462F /* API.swift in Sources */ = {isa = PBXBuildFile; fileRef = 66FCB29329FE6C1B3EB70779B8FAEEDB /* API.swift */; };
		49957D098CC38F7A49405A2DF41FD4C6 /* Pusher.swift in Sources */ = {isa = PBXBuildFile; fileRef = A30780FC19B8AD31B2DD42C30924C8A9 /* Pusher.swift */; };
		4F5423787D28BAF992E7D0D44B47A2AC /* Button.swift in Sources */ = {isa = PBXBuildFile; fileRef = 85DE29076D39CE6A5804E9056BA85EEF /* Button.swift */; };
		5169CC3A654AF308693E6C668F793091 /* SurveyResponse.swift in Sources */ = {isa = PBXBuildFile; fileRef = 582F5B482EBB4E4499B64283D072905F /* SurveyResponse.swift */; };
		55B60B67F3632C0B76D95449E523BA3F /* DelightedPageViewController.swift in Sources */ = {isa = PBXBuildFile; fileRef = FDA1E6F1C5F1D793B7C62198C369437A /* DelightedPageViewController.swift */; };
		6075FFEE2B84B4C175AE6E64DE16C503 /* Properties.swift in Sources */ = {isa = PBXBuildFile; fileRef = BBDC365B97EA13E00986155E05C5E236 /* Properties.swift */; };
		66FB10B997C69F3EF70DBFAF2C4BD73D /* AdditionalQuestionViewController.swift in Sources */ = {isa = PBXBuildFile; fileRef = 23B0A7E0FBA31E9D55A0E4661785FA4C /* AdditionalQuestionViewController.swift */; };
		6A4974E02BE75DE7166F081265232F54 /* delighted-umbrella.h in Headers */ = {isa = PBXBuildFile; fileRef = 1DE669A6F81249A826D0012DAAFC30D2 /* delighted-umbrella.h */; settings = {ATTRIBUTES = (Public, ); }; };
		6ACE1BD817DD619B02AE1F686A7A85A9 /* Component.swift in Sources */ = {isa = PBXBuildFile; fileRef = 8B94BE85892BFA934E6CDBED0BB4DFB8 /* Component.swift */; };
		6C2865D479C97B3148C788DF1186E8A2 /* Version.swift in Sources */ = {isa = PBXBuildFile; fileRef = B0E0104D82DDA87C929CF47F91708887 /* Version.swift */; };
		6CB64EC3280043EFA60D259C3A6D178C /* NPS.swift in Sources */ = {isa = PBXBuildFile; fileRef = A1C80C53DA47A82B5D318B24C8B1AF1A /* NPS.swift */; };
		72FF167097D6DA9DD831E64CEEA7BDB2 /* Smileys.swift in Sources */ = {isa = PBXBuildFile; fileRef = 838C05F8E4A563AFC45A20B2587C1D2E /* Smileys.swift */; };
		7D576A6656F74A09DE9DC8FAE52FF5D5 /* Thumbs.swift in Sources */ = {isa = PBXBuildFile; fileRef = 0352E1E2FAEA8B0A7992CBD07CC14BA0 /* Thumbs.swift */; };
		852311222AC34764D0A3CEF170037455 /* Starscream.framework in Frameworks */ = {isa = PBXBuildFile; fileRef = 3319CBE6BF16B5B2366BDE834B663B5E /* Starscream.framework */; };
		868860D15AD0F5C2055F682D882290DF /* ThankYouViewController.swift in Sources */ = {isa = PBXBuildFile; fileRef = 64F4E92F080BEE00185044588F05EFA7 /* ThankYouViewController.swift */; };
		8B3350D96B15B975184C8EE0819F9623 /* SSLSecurity.swift in Sources */ = {isa = PBXBuildFile; fileRef = D59F921BA6434A655F9C82F0F81BE47A /* SSLSecurity.swift */; };
		8CD531B56310E2587C22A3419FBAFD78 /* TextArea.swift in Sources */ = {isa = PBXBuildFile; fileRef = 78546838AD237F5A41713F05BB8E53DB /* TextArea.swift */; };
		96D67F9A7630A34944B6EAAD47F785E3 /* Foundation.framework in Frameworks */ = {isa = PBXBuildFile; fileRef = DBB895F616DD1C4C7C1587261E4EBE5D /* Foundation.framework */; };
		9714149B55038F3DABFFCCCFD96DFA51 /* Pods-delighted_Tests-dummy.m in Sources */ = {isa = PBXBuildFile; fileRef = 4CEAE0164E2FE52527656AFDEE09CF22 /* Pods-delighted_Tests-dummy.m */; };
		A5815BDB6C24678732637495694D9863 /* Haptic.swift in Sources */ = {isa = PBXBuildFile; fileRef = 5453D7C2649879BB9CC78309F762BE9E /* Haptic.swift */; };
		AAFEDD04E2D802E49DA455BD919DEA91 /* ClientEligibility.swift in Sources */ = {isa = PBXBuildFile; fileRef = 2E06F5871D35325F6DAC4FE76BBEEEA8 /* ClientEligibility.swift */; };
		ABE74BA0D838536512AFB4D96A865C99 /* ViewLayout.swift in Sources */ = {isa = PBXBuildFile; fileRef = 59125C8B1C40879FD56583B07A60E2F9 /* ViewLayout.swift */; };
		B4A6283FDFA04E3A7B6FD0C13B6FEF32 /* Starscream-umbrella.h in Headers */ = {isa = PBXBuildFile; fileRef = 7F7A2315DC555AEF64DA8D50B51DA7F1 /* Starscream-umbrella.h */; settings = {ATTRIBUTES = (Public, ); }; };
		B5808C52B86463EF65F1C53B214B0F81 /* Pods-delighted_Example-dummy.m in Sources */ = {isa = PBXBuildFile; fileRef = 48518693EC64586036D796C68BC0D929 /* Pods-delighted_Example-dummy.m */; };
		BD1619C2E9F3C8E28F200569BD024577 /* SurveySession.swift in Sources */ = {isa = PBXBuildFile; fileRef = 053B844DA4BABBD456AEFFC3C714677C /* SurveySession.swift */; };
		C02D9FEB295BDA1359D2F52C80F8E75A /* WebSocket.swift in Sources */ = {isa = PBXBuildFile; fileRef = 3B9AA0D25BD7BD2C495D776FC8B846DC /* WebSocket.swift */; };
		C3B0DAA07697E70DC4E4031AE12EEA51 /* Theme.swift in Sources */ = {isa = PBXBuildFile; fileRef = 617B4FB6D6E8DEE406886CA16C27CEC0 /* Theme.swift */; };
		D4F23B5A85713269ED00507812F77D60 /* CES.swift in Sources */ = {isa = PBXBuildFile; fileRef = AD1F587D9B713280E4D9FDF1FF957CD0 /* CES.swift */; };
		D87AA3CC29C36AAAD6FF7C8A71E9CC3C /* Pods-delighted_Example-umbrella.h in Headers */ = {isa = PBXBuildFile; fileRef = 970E69D1238BE9393BE1503C7CAA8F40 /* Pods-delighted_Example-umbrella.h */; settings = {ATTRIBUTES = (Public, ); }; };
		DB2B57F23E280080AE386941B92B9F25 /* Foundation.framework in Frameworks */ = {isa = PBXBuildFile; fileRef = DBB895F616DD1C4C7C1587261E4EBE5D /* Foundation.framework */; };
		DB5979BC32B839F05E5076E0E9F582B2 /* Survey.swift in Sources */ = {isa = PBXBuildFile; fileRef = 49915EC074D6564C5C32935A4A50DC99 /* Survey.swift */; };
		DC3DC04420D4DC1D0084ECE20134047C /* CSAT.swift in Sources */ = {isa = PBXBuildFile; fileRef = D1A4B6E3D75F4BF252ABC42C6B823C55 /* CSAT.swift */; };
		DE1BF12EB2AAD21E6AF4D49F277C1FAA /* CloseButton.swift in Sources */ = {isa = PBXBuildFile; fileRef = A2ABADEE1995FC52FF6083717683C917 /* CloseButton.swift */; };
		E039C7C26C8F6CBD3A093AE5E0D0111B /* PoweredBy.swift in Sources */ = {isa = PBXBuildFile; fileRef = 194F4008BDFD7484CA13D6FF5012E40B /* PoweredBy.swift */; };
		E181D2C5AEFED132BA98BCFA01209F11 /* Foundation.framework in Frameworks */ = {isa = PBXBuildFile; fileRef = DBB895F616DD1C4C7C1587261E4EBE5D /* Foundation.framework */; };
		E4ED20951D3DAC542A51B7E439F5B7C8 /* Foundation.framework in Frameworks */ = {isa = PBXBuildFile; fileRef = DBB895F616DD1C4C7C1587261E4EBE5D /* Foundation.framework */; };
		F64F97144D72296591928BFB931FA8C6 /* Pods-delighted_Tests-umbrella.h in Headers */ = {isa = PBXBuildFile; fileRef = DEA0B1D4B496D6252915F87FB58B5C48 /* Pods-delighted_Tests-umbrella.h */; settings = {ATTRIBUTES = (Public, ); }; };
		F73345DBF4957D05059193C5B29163A5 /* Configuration.swift in Sources */ = {isa = PBXBuildFile; fileRef = A1610C2F97C49FE3E3A99B001B8608BA /* Configuration.swift */; };
		FAA14E5A1D8A829395A3D83B6D185A7F /* delighted-dummy.m in Sources */ = {isa = PBXBuildFile; fileRef = 9B3532EB0F9B4960FF84F462282046FC /* delighted-dummy.m */; };
		FB4E0180A8293141C5F8B5B1CB3313B9 /* OptionSelect.swift in Sources */ = {isa = PBXBuildFile; fileRef = 9A19EF15C9DD796EE3AEAE90A5D671E5 /* OptionSelect.swift */; };
		FFDBC941F2CAE836E6D2DEC5B9408A8C /* Colors.swift in Sources */ = {isa = PBXBuildFile; fileRef = 357D73F0DC540E438068A9005739C09D /* Colors.swift */; };
/* End PBXBuildFile section */

/* Begin PBXContainerItemProxy section */
		2F9414C810AC099A555DFE72876746E8 /* PBXContainerItemProxy */ = {
			isa = PBXContainerItemProxy;
			containerPortal = BFDFE7DC352907FC980B868725387E98 /* Project object */;
			proxyType = 1;
			remoteGlobalIDString = C2AE1CBF89437057FBC0002186F09C56;
			remoteInfo = "Pods-delighted_Example";
		};
		9AF73C287A9D7920A2A5EB20EB95733D /* PBXContainerItemProxy */ = {
			isa = PBXContainerItemProxy;
			containerPortal = BFDFE7DC352907FC980B868725387E98 /* Project object */;
			proxyType = 1;
			remoteGlobalIDString = 89566DDF05F3655DC43B35ACB69C1381;
			remoteInfo = delighted;
		};
		BB423E4009D24355563362C989015A63 /* PBXContainerItemProxy */ = {
			isa = PBXContainerItemProxy;
			containerPortal = BFDFE7DC352907FC980B868725387E98 /* Project object */;
			proxyType = 1;
			remoteGlobalIDString = 9B78EE4AF6AE03E79D88886319853FF7;
			remoteInfo = Starscream;
		};
		C87263BCBC26CAB789AD68FC0736FA14 /* PBXContainerItemProxy */ = {
			isa = PBXContainerItemProxy;
			containerPortal = BFDFE7DC352907FC980B868725387E98 /* Project object */;
			proxyType = 1;
			remoteGlobalIDString = 9B78EE4AF6AE03E79D88886319853FF7;
			remoteInfo = Starscream;
		};
/* End PBXContainerItemProxy section */

/* Begin PBXFileReference section */
		01FB5DEA2CF4E44263A62924A53A069E /* Starscream-dummy.m */ = {isa = PBXFileReference; includeInIndex = 1; lastKnownFileType = sourcecode.c.objc; path = "Starscream-dummy.m"; sourceTree = "<group>"; };
		0352E1E2FAEA8B0A7992CBD07CC14BA0 /* Thumbs.swift */ = {isa = PBXFileReference; includeInIndex = 1; lastKnownFileType = sourcecode.swift; name = Thumbs.swift; path = delighted/Classes/Thumbs.swift; sourceTree = "<group>"; };
		0442791CC2F9E8EFC063A29CEAB7788E /* delighted.modulemap */ = {isa = PBXFileReference; includeInIndex = 1; lastKnownFileType = sourcecode.module; path = delighted.modulemap; sourceTree = "<group>"; };
		053B844DA4BABBD456AEFFC3C714677C /* SurveySession.swift */ = {isa = PBXFileReference; includeInIndex = 1; lastKnownFileType = sourcecode.swift; name = SurveySession.swift; path = delighted/Classes/SurveySession.swift; sourceTree = "<group>"; };
		06021BC302D2B6071D527EA21EA1B172 /* EligibilityConfiguration.swift */ = {isa = PBXFileReference; includeInIndex = 1; lastKnownFileType = sourcecode.swift; name = EligibilityConfiguration.swift; path = delighted/Classes/EligibilityConfiguration.swift; sourceTree = "<group>"; };
		194F4008BDFD7484CA13D6FF5012E40B /* PoweredBy.swift */ = {isa = PBXFileReference; includeInIndex = 1; lastKnownFileType = sourcecode.swift; name = PoweredBy.swift; path = delighted/Classes/PoweredBy.swift; sourceTree = "<group>"; };
		1DE669A6F81249A826D0012DAAFC30D2 /* delighted-umbrella.h */ = {isa = PBXFileReference; includeInIndex = 1; lastKnownFileType = sourcecode.c.h; path = "delighted-umbrella.h"; sourceTree = "<group>"; };
		1E507858E7279D4C2470CEE01D8D1757 /* Pods-delighted_Example.release.xcconfig */ = {isa = PBXFileReference; includeInIndex = 1; lastKnownFileType = text.xcconfig; path = "Pods-delighted_Example.release.xcconfig"; sourceTree = "<group>"; };
		23B0A7E0FBA31E9D55A0E4661785FA4C /* AdditionalQuestionViewController.swift */ = {isa = PBXFileReference; includeInIndex = 1; lastKnownFileType = sourcecode.swift; name = AdditionalQuestionViewController.swift; path = delighted/Classes/AdditionalQuestionViewController.swift; sourceTree = "<group>"; };
		27EACB0335920CE97902A9CF8E60A87B /* Images.swift */ = {isa = PBXFileReference; includeInIndex = 1; lastKnownFileType = sourcecode.swift; name = Images.swift; path = delighted/Classes/Images.swift; sourceTree = "<group>"; };
		2E06F5871D35325F6DAC4FE76BBEEEA8 /* ClientEligibility.swift */ = {isa = PBXFileReference; includeInIndex = 1; lastKnownFileType = sourcecode.swift; name = ClientEligibility.swift; path = delighted/Classes/ClientEligibility.swift; sourceTree = "<group>"; };
		2EF130DB1D020533A3D8DDE0CB985BD3 /* Starscream.modulemap */ = {isa = PBXFileReference; includeInIndex = 1; lastKnownFileType = sourcecode.module; path = Starscream.modulemap; sourceTree = "<group>"; };
		3319CBE6BF16B5B2366BDE834B663B5E /* Starscream.framework */ = {isa = PBXFileReference; explicitFileType = wrapper.framework; includeInIndex = 0; path = Starscream.framework; sourceTree = BUILT_PRODUCTS_DIR; };
		357D73F0DC540E438068A9005739C09D /* Colors.swift */ = {isa = PBXFileReference; includeInIndex = 1; lastKnownFileType = sourcecode.swift; name = Colors.swift; path = delighted/Classes/Colors.swift; sourceTree = "<group>"; };
		3B9AA0D25BD7BD2C495D776FC8B846DC /* WebSocket.swift */ = {isa = PBXFileReference; includeInIndex = 1; lastKnownFileType = sourcecode.swift; name = WebSocket.swift; path = Sources/Starscream/WebSocket.swift; sourceTree = "<group>"; };
		3DCEA6169B33E34F1E6E7128F65DC025 /* Starscream-prefix.pch */ = {isa = PBXFileReference; includeInIndex = 1; lastKnownFileType = sourcecode.c.h; path = "Starscream-prefix.pch"; sourceTree = "<group>"; };
		42EAED62A41BC6F41805DB3B8E3AA3DF /* ThankYou.swift */ = {isa = PBXFileReference; includeInIndex = 1; lastKnownFileType = sourcecode.swift; name = ThankYou.swift; path = delighted/Classes/ThankYou.swift; sourceTree = "<group>"; };
		44E219F4030CE498CF0D43505F1973F7 /* Starscream-Info.plist */ = {isa = PBXFileReference; includeInIndex = 1; lastKnownFileType = text.plist.xml; path = "Starscream-Info.plist"; sourceTree = "<group>"; };
		48518693EC64586036D796C68BC0D929 /* Pods-delighted_Example-dummy.m */ = {isa = PBXFileReference; includeInIndex = 1; lastKnownFileType = sourcecode.c.objc; path = "Pods-delighted_Example-dummy.m"; sourceTree = "<group>"; };
		49915EC074D6564C5C32935A4A50DC99 /* Survey.swift */ = {isa = PBXFileReference; includeInIndex = 1; lastKnownFileType = sourcecode.swift; name = Survey.swift; path = delighted/Classes/Survey.swift; sourceTree = "<group>"; };
		4A1630A6ABD8793FBAD1BE86C22D46C3 /* Pods-delighted_Tests.debug.xcconfig */ = {isa = PBXFileReference; includeInIndex = 1; lastKnownFileType = text.xcconfig; path = "Pods-delighted_Tests.debug.xcconfig"; sourceTree = "<group>"; };
		4CEAE0164E2FE52527656AFDEE09CF22 /* Pods-delighted_Tests-dummy.m */ = {isa = PBXFileReference; includeInIndex = 1; lastKnownFileType = sourcecode.c.objc; path = "Pods-delighted_Tests-dummy.m"; sourceTree = "<group>"; };
		4E83D175645A7AD2BCD9E471FC1CE36C /* Pods-delighted_Example-frameworks.sh */ = {isa = PBXFileReference; includeInIndex = 1; lastKnownFileType = text.script.sh; path = "Pods-delighted_Example-frameworks.sh"; sourceTree = "<group>"; };
		4F5592B959D1AEB6B8928D091E893F87 /* Person.swift */ = {isa = PBXFileReference; includeInIndex = 1; lastKnownFileType = sourcecode.swift; name = Person.swift; path = delighted/Classes/Person.swift; sourceTree = "<group>"; };
		51125069F97B9C7C7471D88852F317B8 /* SurveyRequest.swift */ = {isa = PBXFileReference; includeInIndex = 1; lastKnownFileType = sourcecode.swift; name = SurveyRequest.swift; path = delighted/Classes/SurveyRequest.swift; sourceTree = "<group>"; };
		51B596EAD17BF647AE5CE0FAF0E50245 /* Pods-delighted_Tests-acknowledgements.plist */ = {isa = PBXFileReference; includeInIndex = 1; lastKnownFileType = text.plist.xml; path = "Pods-delighted_Tests-acknowledgements.plist"; sourceTree = "<group>"; };
		5338A639F498B69A117A3A76CA84C444 /* Assets.xcassets */ = {isa = PBXFileReference; includeInIndex = 1; lastKnownFileType = folder.assetcatalog; name = Assets.xcassets; path = delighted/Assets/Assets.xcassets; sourceTree = "<group>"; };
		5453D7C2649879BB9CC78309F762BE9E /* Haptic.swift */ = {isa = PBXFileReference; includeInIndex = 1; lastKnownFileType = sourcecode.swift; name = Haptic.swift; path = delighted/Classes/Haptic.swift; sourceTree = "<group>"; };
		582F5B482EBB4E4499B64283D072905F /* SurveyResponse.swift */ = {isa = PBXFileReference; includeInIndex = 1; lastKnownFileType = sourcecode.swift; name = SurveyResponse.swift; path = delighted/Classes/SurveyResponse.swift; sourceTree = "<group>"; };
		59125C8B1C40879FD56583B07A60E2F9 /* ViewLayout.swift */ = {isa = PBXFileReference; includeInIndex = 1; lastKnownFileType = sourcecode.swift; name = ViewLayout.swift; path = delighted/Classes/ViewLayout.swift; sourceTree = "<group>"; };
		617B4FB6D6E8DEE406886CA16C27CEC0 /* Theme.swift */ = {isa = PBXFileReference; includeInIndex = 1; lastKnownFileType = sourcecode.swift; name = Theme.swift; path = delighted/Classes/Theme.swift; sourceTree = "<group>"; };
		64D5E391E11E3D9A03B0ACF80CFBA3B2 /* Starscream.xcconfig */ = {isa = PBXFileReference; includeInIndex = 1; lastKnownFileType = text.xcconfig; path = Starscream.xcconfig; sourceTree = "<group>"; };
		64F4E92F080BEE00185044588F05EFA7 /* ThankYouViewController.swift */ = {isa = PBXFileReference; includeInIndex = 1; lastKnownFileType = sourcecode.swift; name = ThankYouViewController.swift; path = delighted/Classes/ThankYouViewController.swift; sourceTree = "<group>"; };
		66B06C3B94766EC0270E47B666348D04 /* Pods-delighted_Tests.release.xcconfig */ = {isa = PBXFileReference; includeInIndex = 1; lastKnownFileType = text.xcconfig; path = "Pods-delighted_Tests.release.xcconfig"; sourceTree = "<group>"; };
		66FCB29329FE6C1B3EB70779B8FAEEDB /* API.swift */ = {isa = PBXFileReference; includeInIndex = 1; lastKnownFileType = sourcecode.swift; name = API.swift; path = delighted/Classes/API.swift; sourceTree = "<group>"; };
		688F9112E1A001A66DB44F896E7D072F /* Delighted.swift */ = {isa = PBXFileReference; includeInIndex = 1; lastKnownFileType = sourcecode.swift; name = Delighted.swift; path = delighted/Classes/Delighted.swift; sourceTree = "<group>"; };
		69D4A53DB8297B77EB8896BD85D576E2 /* Stars.swift */ = {isa = PBXFileReference; includeInIndex = 1; lastKnownFileType = sourcecode.swift; name = Stars.swift; path = delighted/Classes/Stars.swift; sourceTree = "<group>"; };
		78546838AD237F5A41713F05BB8E53DB /* TextArea.swift */ = {isa = PBXFileReference; includeInIndex = 1; lastKnownFileType = sourcecode.swift; name = TextArea.swift; path = delighted/Classes/TextArea.swift; sourceTree = "<group>"; };
		7EAC3C6E95F8558C9B9D69A536AA1B01 /* README.md */ = {isa = PBXFileReference; includeInIndex = 1; path = README.md; sourceTree = "<group>"; };
		7F7A2315DC555AEF64DA8D50B51DA7F1 /* Starscream-umbrella.h */ = {isa = PBXFileReference; includeInIndex = 1; lastKnownFileType = sourcecode.c.h; path = "Starscream-umbrella.h"; sourceTree = "<group>"; };
		838C05F8E4A563AFC45A20B2587C1D2E /* Smileys.swift */ = {isa = PBXFileReference; includeInIndex = 1; lastKnownFileType = sourcecode.swift; name = Smileys.swift; path = delighted/Classes/Smileys.swift; sourceTree = "<group>"; };
		84F77756714F0B9828660EE3938F1D61 /* Pods-delighted_Tests-acknowledgements.markdown */ = {isa = PBXFileReference; includeInIndex = 1; lastKnownFileType = text; path = "Pods-delighted_Tests-acknowledgements.markdown"; sourceTree = "<group>"; };
		85DE29076D39CE6A5804E9056BA85EEF /* Button.swift */ = {isa = PBXFileReference; includeInIndex = 1; lastKnownFileType = sourcecode.swift; name = Button.swift; path = delighted/Classes/Button.swift; sourceTree = "<group>"; };
		891B2270823847ED23F2ECFC28F935EC /* Starscream.framework */ = {isa = PBXFileReference; explicitFileType = wrapper.framework; includeInIndex = 0; name = Starscream.framework; path = Starscream.framework; sourceTree = BUILT_PRODUCTS_DIR; };
		8A00BEC8C8A1AC84D39B2EE3DA4AEF17 /* Pods-delighted_Example-acknowledgements.plist */ = {isa = PBXFileReference; includeInIndex = 1; lastKnownFileType = text.plist.xml; path = "Pods-delighted_Example-acknowledgements.plist"; sourceTree = "<group>"; };
		8B94BE85892BFA934E6CDBED0BB4DFB8 /* Component.swift */ = {isa = PBXFileReference; includeInIndex = 1; lastKnownFileType = sourcecode.swift; name = Component.swift; path = delighted/Classes/Component.swift; sourceTree = "<group>"; };
		8C545FE6F9B7B409F28F48F7BC9177C3 /* Pods_delighted_Example.framework */ = {isa = PBXFileReference; explicitFileType = wrapper.framework; includeInIndex = 0; name = Pods_delighted_Example.framework; path = "Pods-delighted_Example.framework"; sourceTree = BUILT_PRODUCTS_DIR; };
		918D67059940314CC2CC6DFE310D2302 /* delighted-Info.plist */ = {isa = PBXFileReference; includeInIndex = 1; lastKnownFileType = text.plist.xml; path = "delighted-Info.plist"; sourceTree = "<group>"; };
		970E69D1238BE9393BE1503C7CAA8F40 /* Pods-delighted_Example-umbrella.h */ = {isa = PBXFileReference; includeInIndex = 1; lastKnownFileType = sourcecode.c.h; path = "Pods-delighted_Example-umbrella.h"; sourceTree = "<group>"; };
		9A19EF15C9DD796EE3AEAE90A5D671E5 /* OptionSelect.swift */ = {isa = PBXFileReference; includeInIndex = 1; lastKnownFileType = sourcecode.swift; name = OptionSelect.swift; path = delighted/Classes/OptionSelect.swift; sourceTree = "<group>"; };
		9B3532EB0F9B4960FF84F462282046FC /* delighted-dummy.m */ = {isa = PBXFileReference; includeInIndex = 1; lastKnownFileType = sourcecode.c.objc; path = "delighted-dummy.m"; sourceTree = "<group>"; };
		9D940727FF8FB9C785EB98E56350EF41 /* Podfile */ = {isa = PBXFileReference; explicitFileType = text.script.ruby; includeInIndex = 1; indentWidth = 2; lastKnownFileType = text; name = Podfile; path = ../Podfile; sourceTree = SOURCE_ROOT; tabWidth = 2; xcLanguageSpecificationIdentifier = xcode.lang.ruby; };
		A10549307746CCAFF95041E23D309D3B /* Pods_delighted_Tests.framework */ = {isa = PBXFileReference; explicitFileType = wrapper.framework; includeInIndex = 0; name = Pods_delighted_Tests.framework; path = "Pods-delighted_Tests.framework"; sourceTree = BUILT_PRODUCTS_DIR; };
		A1610C2F97C49FE3E3A99B001B8608BA /* Configuration.swift */ = {isa = PBXFileReference; includeInIndex = 1; lastKnownFileType = sourcecode.swift; name = Configuration.swift; path = delighted/Classes/Configuration.swift; sourceTree = "<group>"; };
		A1C80C53DA47A82B5D318B24C8B1AF1A /* NPS.swift */ = {isa = PBXFileReference; includeInIndex = 1; lastKnownFileType = sourcecode.swift; name = NPS.swift; path = delighted/Classes/NPS.swift; sourceTree = "<group>"; };
		A2ABADEE1995FC52FF6083717683C917 /* CloseButton.swift */ = {isa = PBXFileReference; includeInIndex = 1; lastKnownFileType = sourcecode.swift; name = CloseButton.swift; path = delighted/Classes/CloseButton.swift; sourceTree = "<group>"; };
		A30780FC19B8AD31B2DD42C30924C8A9 /* Pusher.swift */ = {isa = PBXFileReference; includeInIndex = 1; lastKnownFileType = sourcecode.swift; name = Pusher.swift; path = delighted/Classes/Pusher.swift; sourceTree = "<group>"; };
		A4E4F801A440DFFD3CF1F2E2860CB0B4 /* Strings.swift */ = {isa = PBXFileReference; includeInIndex = 1; lastKnownFileType = sourcecode.swift; name = Strings.swift; path = delighted/Classes/Strings.swift; sourceTree = "<group>"; };
		AD1F587D9B713280E4D9FDF1FF957CD0 /* CES.swift */ = {isa = PBXFileReference; includeInIndex = 1; lastKnownFileType = sourcecode.swift; name = CES.swift; path = delighted/Classes/CES.swift; sourceTree = "<group>"; };
		AF825ABF2E1FDF3E20E5E02DEDFAFFE0 /* delighted-prefix.pch */ = {isa = PBXFileReference; includeInIndex = 1; lastKnownFileType = sourcecode.c.h; path = "delighted-prefix.pch"; sourceTree = "<group>"; };
		B0E0104D82DDA87C929CF47F91708887 /* Version.swift */ = {isa = PBXFileReference; includeInIndex = 1; lastKnownFileType = sourcecode.swift; name = Version.swift; path = delighted/Classes/Version.swift; sourceTree = "<group>"; };
		B5328221AB0573334062F860B369BA92 /* Pods-delighted_Example-Info.plist */ = {isa = PBXFileReference; includeInIndex = 1; lastKnownFileType = text.plist.xml; path = "Pods-delighted_Example-Info.plist"; sourceTree = "<group>"; };
		BA2E057170ECA65E2F05A5B595252784 /* Compression.swift */ = {isa = PBXFileReference; includeInIndex = 1; lastKnownFileType = sourcecode.swift; name = Compression.swift; path = Sources/Starscream/Compression.swift; sourceTree = "<group>"; };
		BBDC365B97EA13E00986155E05C5E236 /* Properties.swift */ = {isa = PBXFileReference; includeInIndex = 1; lastKnownFileType = sourcecode.swift; name = Properties.swift; path = delighted/Classes/Properties.swift; sourceTree = "<group>"; };
		BD981FA237605D9B2896349C82C7727E /* Pods-delighted_Example-acknowledgements.markdown */ = {isa = PBXFileReference; includeInIndex = 1; lastKnownFileType = text; path = "Pods-delighted_Example-acknowledgements.markdown"; sourceTree = "<group>"; };
		BE2229C7DD75AE85B4A353B7973AF315 /* Pods-delighted_Example.debug.xcconfig */ = {isa = PBXFileReference; includeInIndex = 1; lastKnownFileType = text.xcconfig; path = "Pods-delighted_Example.debug.xcconfig"; sourceTree = "<group>"; };
		D1A4B6E3D75F4BF252ABC42C6B823C55 /* CSAT.swift */ = {isa = PBXFileReference; includeInIndex = 1; lastKnownFileType = sourcecode.swift; name = CSAT.swift; path = delighted/Classes/CSAT.swift; sourceTree = "<group>"; };
		D59CBE10DDABEF2DDE91C5B306702BB3 /* Pods-delighted_Example.modulemap */ = {isa = PBXFileReference; includeInIndex = 1; lastKnownFileType = sourcecode.module; path = "Pods-delighted_Example.modulemap"; sourceTree = "<group>"; };
		D59F921BA6434A655F9C82F0F81BE47A /* SSLSecurity.swift */ = {isa = PBXFileReference; includeInIndex = 1; lastKnownFileType = sourcecode.swift; name = SSLSecurity.swift; path = Sources/Starscream/SSLSecurity.swift; sourceTree = "<group>"; };
		DBB895F616DD1C4C7C1587261E4EBE5D /* Foundation.framework */ = {isa = PBXFileReference; lastKnownFileType = wrapper.framework; name = Foundation.framework; path = Platforms/iPhoneOS.platform/Developer/SDKs/iPhoneOS12.2.sdk/System/Library/Frameworks/Foundation.framework; sourceTree = DEVELOPER_DIR; };
		DD47BA7804F036771BF11C766855DF8E /* LICENSE */ = {isa = PBXFileReference; includeInIndex = 1; path = LICENSE; sourceTree = "<group>"; };
		DEA0B1D4B496D6252915F87FB58B5C48 /* Pods-delighted_Tests-umbrella.h */ = {isa = PBXFileReference; includeInIndex = 1; lastKnownFileType = sourcecode.c.h; path = "Pods-delighted_Tests-umbrella.h"; sourceTree = "<group>"; };
		E48F7922C44A3645750BD18CCCF671B0 /* SSLClientCertificate.swift */ = {isa = PBXFileReference; includeInIndex = 1; lastKnownFileType = sourcecode.swift; name = SSLClientCertificate.swift; path = Sources/Starscream/SSLClientCertificate.swift; sourceTree = "<group>"; };
		EC36F1AF28A41A1AF4F3F9FF6620D6FB /* SurveyViewController.swift */ = {isa = PBXFileReference; includeInIndex = 1; lastKnownFileType = sourcecode.swift; name = SurveyViewController.swift; path = delighted/Classes/SurveyViewController.swift; sourceTree = "<group>"; };
		ED6CA9E68FFB447F9210331BC4C7A261 /* Scale.swift */ = {isa = PBXFileReference; includeInIndex = 1; lastKnownFileType = sourcecode.swift; name = Scale.swift; path = delighted/Classes/Scale.swift; sourceTree = "<group>"; };
		F4A8C4A16BFDD0E7C5787538359553DC /* Delighted.framework */ = {isa = PBXFileReference; explicitFileType = wrapper.framework; includeInIndex = 0; name = Delighted.framework; path = delighted.framework; sourceTree = BUILT_PRODUCTS_DIR; };
		F6DFC0AC24BD73055DA479DBE8466BE1 /* delighted.podspec */ = {isa = PBXFileReference; explicitFileType = text.script.ruby; includeInIndex = 1; indentWidth = 2; lastKnownFileType = text; path = delighted.podspec; sourceTree = "<group>"; tabWidth = 2; xcLanguageSpecificationIdentifier = xcode.lang.ruby; };
		F7A1C9B15DE01BD290B873C909B493D8 /* delighted.xcconfig */ = {isa = PBXFileReference; includeInIndex = 1; lastKnownFileType = text.xcconfig; path = delighted.xcconfig; sourceTree = "<group>"; };
		F91DB6CA597FEAECA22CC0F8127540AA /* Pods-delighted_Tests-Info.plist */ = {isa = PBXFileReference; includeInIndex = 1; lastKnownFileType = text.plist.xml; path = "Pods-delighted_Tests-Info.plist"; sourceTree = "<group>"; };
		FDA1E6F1C5F1D793B7C62198C369437A /* DelightedPageViewController.swift */ = {isa = PBXFileReference; includeInIndex = 1; lastKnownFileType = sourcecode.swift; name = DelightedPageViewController.swift; path = delighted/Classes/DelightedPageViewController.swift; sourceTree = "<group>"; };
		FDEBA80CA6DFBD6E68CBFCF461CB0BF7 /* Pods-delighted_Tests.modulemap */ = {isa = PBXFileReference; includeInIndex = 1; lastKnownFileType = sourcecode.module; path = "Pods-delighted_Tests.modulemap"; sourceTree = "<group>"; };
/* End PBXFileReference section */

/* Begin PBXFrameworksBuildPhase section */
		09206235EB9393FD6D895453F2569AF9 /* Frameworks */ = {
			isa = PBXFrameworksBuildPhase;
			buildActionMask = 2147483647;
			files = (
				96D67F9A7630A34944B6EAAD47F785E3 /* Foundation.framework in Frameworks */,
			);
			runOnlyForDeploymentPostprocessing = 0;
		};
		6BB41ABC42C5900FC8239EE26F2291BE /* Frameworks */ = {
			isa = PBXFrameworksBuildPhase;
			buildActionMask = 2147483647;
			files = (
				DB2B57F23E280080AE386941B92B9F25 /* Foundation.framework in Frameworks */,
			);
			runOnlyForDeploymentPostprocessing = 0;
		};
		E7131E9DD10CBFED149C56F7D53451A9 /* Frameworks */ = {
			isa = PBXFrameworksBuildPhase;
			buildActionMask = 2147483647;
			files = (
				E181D2C5AEFED132BA98BCFA01209F11 /* Foundation.framework in Frameworks */,
			);
			runOnlyForDeploymentPostprocessing = 0;
		};
		F46610A249264C2C9417E32188D26D8A /* Frameworks */ = {
			isa = PBXFrameworksBuildPhase;
			buildActionMask = 2147483647;
			files = (
				E4ED20951D3DAC542A51B7E439F5B7C8 /* Foundation.framework in Frameworks */,
				852311222AC34764D0A3CEF170037455 /* Starscream.framework in Frameworks */,
			);
			runOnlyForDeploymentPostprocessing = 0;
		};
/* End PBXFrameworksBuildPhase section */

/* Begin PBXGroup section */
		00A615E34F996C7ECF0CD37AB61B9C21 /* Support Files */ = {
			isa = PBXGroup;
			children = (
				0442791CC2F9E8EFC063A29CEAB7788E /* delighted.modulemap */,
				F7A1C9B15DE01BD290B873C909B493D8 /* delighted.xcconfig */,
				9B3532EB0F9B4960FF84F462282046FC /* delighted-dummy.m */,
				918D67059940314CC2CC6DFE310D2302 /* delighted-Info.plist */,
				AF825ABF2E1FDF3E20E5E02DEDFAFFE0 /* delighted-prefix.pch */,
				1DE669A6F81249A826D0012DAAFC30D2 /* delighted-umbrella.h */,
			);
			name = "Support Files";
			path = "Example/Pods/Target Support Files/delighted";
			sourceTree = "<group>";
		};
		12B945146EF679EA463F08AF0B6AAF49 /* delighted */ = {
			isa = PBXGroup;
			children = (
				23B0A7E0FBA31E9D55A0E4661785FA4C /* AdditionalQuestionViewController.swift */,
				66FCB29329FE6C1B3EB70779B8FAEEDB /* API.swift */,
				85DE29076D39CE6A5804E9056BA85EEF /* Button.swift */,
				AD1F587D9B713280E4D9FDF1FF957CD0 /* CES.swift */,
				2E06F5871D35325F6DAC4FE76BBEEEA8 /* ClientEligibility.swift */,
				A2ABADEE1995FC52FF6083717683C917 /* CloseButton.swift */,
				357D73F0DC540E438068A9005739C09D /* Colors.swift */,
				8B94BE85892BFA934E6CDBED0BB4DFB8 /* Component.swift */,
				A1610C2F97C49FE3E3A99B001B8608BA /* Configuration.swift */,
				D1A4B6E3D75F4BF252ABC42C6B823C55 /* CSAT.swift */,
				688F9112E1A001A66DB44F896E7D072F /* Delighted.swift */,
				FDA1E6F1C5F1D793B7C62198C369437A /* DelightedPageViewController.swift */,
				06021BC302D2B6071D527EA21EA1B172 /* EligibilityConfiguration.swift */,
				5453D7C2649879BB9CC78309F762BE9E /* Haptic.swift */,
				27EACB0335920CE97902A9CF8E60A87B /* Images.swift */,
				A1C80C53DA47A82B5D318B24C8B1AF1A /* NPS.swift */,
				9A19EF15C9DD796EE3AEAE90A5D671E5 /* OptionSelect.swift */,
				4F5592B959D1AEB6B8928D091E893F87 /* Person.swift */,
				194F4008BDFD7484CA13D6FF5012E40B /* PoweredBy.swift */,
				BBDC365B97EA13E00986155E05C5E236 /* Properties.swift */,
				A30780FC19B8AD31B2DD42C30924C8A9 /* Pusher.swift */,
				ED6CA9E68FFB447F9210331BC4C7A261 /* Scale.swift */,
				838C05F8E4A563AFC45A20B2587C1D2E /* Smileys.swift */,
				69D4A53DB8297B77EB8896BD85D576E2 /* Stars.swift */,
				A4E4F801A440DFFD3CF1F2E2860CB0B4 /* Strings.swift */,
				49915EC074D6564C5C32935A4A50DC99 /* Survey.swift */,
				51125069F97B9C7C7471D88852F317B8 /* SurveyRequest.swift */,
				582F5B482EBB4E4499B64283D072905F /* SurveyResponse.swift */,
				053B844DA4BABBD456AEFFC3C714677C /* SurveySession.swift */,
				EC36F1AF28A41A1AF4F3F9FF6620D6FB /* SurveyViewController.swift */,
				78546838AD237F5A41713F05BB8E53DB /* TextArea.swift */,
				42EAED62A41BC6F41805DB3B8E3AA3DF /* ThankYou.swift */,
				64F4E92F080BEE00185044588F05EFA7 /* ThankYouViewController.swift */,
				617B4FB6D6E8DEE406886CA16C27CEC0 /* Theme.swift */,
				0352E1E2FAEA8B0A7992CBD07CC14BA0 /* Thumbs.swift */,
				B0E0104D82DDA87C929CF47F91708887 /* Version.swift */,
				59125C8B1C40879FD56583B07A60E2F9 /* ViewLayout.swift */,
				8B8FC04D91388E351A166857105179EB /* Pod */,
				7E1E5B5E176772C148F3011D82CB916E /* Resources */,
				00A615E34F996C7ECF0CD37AB61B9C21 /* Support Files */,
			);
			name = delighted;
			path = ../..;
			sourceTree = "<group>";
		};
		1EBD16F5DD7292700C9D78FB53BA2CD0 /* Development Pods */ = {
			isa = PBXGroup;
			children = (
				12B945146EF679EA463F08AF0B6AAF49 /* delighted */,
			);
			name = "Development Pods";
			sourceTree = "<group>";
		};
		4EB2B1F2E22DBFC5D8D445D12F6F3CD2 /* Products */ = {
			isa = PBXGroup;
			children = (
				F4A8C4A16BFDD0E7C5787538359553DC /* Delighted.framework */,
				8C545FE6F9B7B409F28F48F7BC9177C3 /* Pods_delighted_Example.framework */,
				A10549307746CCAFF95041E23D309D3B /* Pods_delighted_Tests.framework */,
				891B2270823847ED23F2ECFC28F935EC /* Starscream.framework */,
			);
			name = Products;
			sourceTree = "<group>";
		};
		6F425E917956998DB5DF7F8EC27DE7B7 /* Pods-delighted_Tests */ = {
			isa = PBXGroup;
			children = (
				FDEBA80CA6DFBD6E68CBFCF461CB0BF7 /* Pods-delighted_Tests.modulemap */,
				84F77756714F0B9828660EE3938F1D61 /* Pods-delighted_Tests-acknowledgements.markdown */,
				51B596EAD17BF647AE5CE0FAF0E50245 /* Pods-delighted_Tests-acknowledgements.plist */,
				4CEAE0164E2FE52527656AFDEE09CF22 /* Pods-delighted_Tests-dummy.m */,
				F91DB6CA597FEAECA22CC0F8127540AA /* Pods-delighted_Tests-Info.plist */,
				DEA0B1D4B496D6252915F87FB58B5C48 /* Pods-delighted_Tests-umbrella.h */,
				4A1630A6ABD8793FBAD1BE86C22D46C3 /* Pods-delighted_Tests.debug.xcconfig */,
				66B06C3B94766EC0270E47B666348D04 /* Pods-delighted_Tests.release.xcconfig */,
			);
			name = "Pods-delighted_Tests";
			path = "Target Support Files/Pods-delighted_Tests";
			sourceTree = "<group>";
		};
		74B354FEE42AB825E96690DF7F109CC3 /* Starscream */ = {
			isa = PBXGroup;
			children = (
				BA2E057170ECA65E2F05A5B595252784 /* Compression.swift */,
				E48F7922C44A3645750BD18CCCF671B0 /* SSLClientCertificate.swift */,
				D59F921BA6434A655F9C82F0F81BE47A /* SSLSecurity.swift */,
				3B9AA0D25BD7BD2C495D776FC8B846DC /* WebSocket.swift */,
				E1C262BC966EEAEBD1297175B34EF373 /* Support Files */,
			);
			name = Starscream;
			path = Starscream;
			sourceTree = "<group>";
		};
		7E1E5B5E176772C148F3011D82CB916E /* Resources */ = {
			isa = PBXGroup;
			children = (
				5338A639F498B69A117A3A76CA84C444 /* Assets.xcassets */,
			);
			name = Resources;
			sourceTree = "<group>";
		};
		8B6242028BE04B793AD2387343DA99C7 /* Pods-delighted_Example */ = {
			isa = PBXGroup;
			children = (
				D59CBE10DDABEF2DDE91C5B306702BB3 /* Pods-delighted_Example.modulemap */,
				BD981FA237605D9B2896349C82C7727E /* Pods-delighted_Example-acknowledgements.markdown */,
				8A00BEC8C8A1AC84D39B2EE3DA4AEF17 /* Pods-delighted_Example-acknowledgements.plist */,
				48518693EC64586036D796C68BC0D929 /* Pods-delighted_Example-dummy.m */,
				4E83D175645A7AD2BCD9E471FC1CE36C /* Pods-delighted_Example-frameworks.sh */,
				B5328221AB0573334062F860B369BA92 /* Pods-delighted_Example-Info.plist */,
				970E69D1238BE9393BE1503C7CAA8F40 /* Pods-delighted_Example-umbrella.h */,
				BE2229C7DD75AE85B4A353B7973AF315 /* Pods-delighted_Example.debug.xcconfig */,
				1E507858E7279D4C2470CEE01D8D1757 /* Pods-delighted_Example.release.xcconfig */,
			);
			name = "Pods-delighted_Example";
			path = "Target Support Files/Pods-delighted_Example";
			sourceTree = "<group>";
		};
		8B8FC04D91388E351A166857105179EB /* Pod */ = {
			isa = PBXGroup;
			children = (
				F6DFC0AC24BD73055DA479DBE8466BE1 /* delighted.podspec */,
				DD47BA7804F036771BF11C766855DF8E /* LICENSE */,
				7EAC3C6E95F8558C9B9D69A536AA1B01 /* README.md */,
			);
			name = Pod;
			sourceTree = "<group>";
		};
		932AC56F6F78D3474257CD477B16ACEE /* Targets Support Files */ = {
			isa = PBXGroup;
			children = (
				8B6242028BE04B793AD2387343DA99C7 /* Pods-delighted_Example */,
				6F425E917956998DB5DF7F8EC27DE7B7 /* Pods-delighted_Tests */,
			);
			name = "Targets Support Files";
			sourceTree = "<group>";
		};
		97C5288770E1953BDB40F8F908E40D46 /* Pods */ = {
			isa = PBXGroup;
			children = (
				74B354FEE42AB825E96690DF7F109CC3 /* Starscream */,
			);
			name = Pods;
			sourceTree = "<group>";
		};
		CD272A03C5BA2A49B245F2735E358B7D /* Frameworks */ = {
			isa = PBXGroup;
			children = (
				3319CBE6BF16B5B2366BDE834B663B5E /* Starscream.framework */,
				DB2C61061EC170240411C29EF6DD7C9D /* iOS */,
			);
			name = Frameworks;
			sourceTree = "<group>";
		};
		CF1408CF629C7361332E53B88F7BD30C = {
			isa = PBXGroup;
			children = (
				9D940727FF8FB9C785EB98E56350EF41 /* Podfile */,
				1EBD16F5DD7292700C9D78FB53BA2CD0 /* Development Pods */,
				CD272A03C5BA2A49B245F2735E358B7D /* Frameworks */,
				97C5288770E1953BDB40F8F908E40D46 /* Pods */,
				4EB2B1F2E22DBFC5D8D445D12F6F3CD2 /* Products */,
				932AC56F6F78D3474257CD477B16ACEE /* Targets Support Files */,
			);
			sourceTree = "<group>";
		};
		DB2C61061EC170240411C29EF6DD7C9D /* iOS */ = {
			isa = PBXGroup;
			children = (
				DBB895F616DD1C4C7C1587261E4EBE5D /* Foundation.framework */,
			);
			name = iOS;
			sourceTree = "<group>";
		};
		E1C262BC966EEAEBD1297175B34EF373 /* Support Files */ = {
			isa = PBXGroup;
			children = (
				2EF130DB1D020533A3D8DDE0CB985BD3 /* Starscream.modulemap */,
				64D5E391E11E3D9A03B0ACF80CFBA3B2 /* Starscream.xcconfig */,
				01FB5DEA2CF4E44263A62924A53A069E /* Starscream-dummy.m */,
				44E219F4030CE498CF0D43505F1973F7 /* Starscream-Info.plist */,
				3DCEA6169B33E34F1E6E7128F65DC025 /* Starscream-prefix.pch */,
				7F7A2315DC555AEF64DA8D50B51DA7F1 /* Starscream-umbrella.h */,
			);
			name = "Support Files";
			path = "../Target Support Files/Starscream";
			sourceTree = "<group>";
		};
/* End PBXGroup section */

/* Begin PBXHeadersBuildPhase section */
		ABD37AF9B9F78580D159AE761C456202 /* Headers */ = {
			isa = PBXHeadersBuildPhase;
			buildActionMask = 2147483647;
			files = (
				B4A6283FDFA04E3A7B6FD0C13B6FEF32 /* Starscream-umbrella.h in Headers */,
			);
			runOnlyForDeploymentPostprocessing = 0;
		};
		BADF1F62311BED721D0FE8D26293DAA9 /* Headers */ = {
			isa = PBXHeadersBuildPhase;
			buildActionMask = 2147483647;
			files = (
				F64F97144D72296591928BFB931FA8C6 /* Pods-delighted_Tests-umbrella.h in Headers */,
			);
			runOnlyForDeploymentPostprocessing = 0;
		};
		CB369B71127A801713FF77191EADD4F5 /* Headers */ = {
			isa = PBXHeadersBuildPhase;
			buildActionMask = 2147483647;
			files = (
				6A4974E02BE75DE7166F081265232F54 /* delighted-umbrella.h in Headers */,
			);
			runOnlyForDeploymentPostprocessing = 0;
		};
		E67A31DB8768712CEE93200739A593E1 /* Headers */ = {
			isa = PBXHeadersBuildPhase;
			buildActionMask = 2147483647;
			files = (
				D87AA3CC29C36AAAD6FF7C8A71E9CC3C /* Pods-delighted_Example-umbrella.h in Headers */,
			);
			runOnlyForDeploymentPostprocessing = 0;
		};
/* End PBXHeadersBuildPhase section */

/* Begin PBXNativeTarget section */
		6D8A6474CD7D663B23AB2364D79DA094 /* Pods-delighted_Tests */ = {
			isa = PBXNativeTarget;
			buildConfigurationList = B37291252A5833818FF1D6CC8C33BF4E /* Build configuration list for PBXNativeTarget "Pods-delighted_Tests" */;
			buildPhases = (
				BADF1F62311BED721D0FE8D26293DAA9 /* Headers */,
				6E56632302219013A4009A2CB92445F6 /* Sources */,
				E7131E9DD10CBFED149C56F7D53451A9 /* Frameworks */,
				3C5188FE32573A820EC0E4B5B923CE45 /* Resources */,
			);
			buildRules = (
			);
			dependencies = (
				23D101EF3432D104BFF3F7F298238590 /* PBXTargetDependency */,
			);
			name = "Pods-delighted_Tests";
			productName = "Pods-delighted_Tests";
			productReference = A10549307746CCAFF95041E23D309D3B /* Pods_delighted_Tests.framework */;
			productType = "com.apple.product-type.framework";
		};
		89566DDF05F3655DC43B35ACB69C1381 /* delighted */ = {
			isa = PBXNativeTarget;
			buildConfigurationList = F08066D801538E234C1E172FF4A28312 /* Build configuration list for PBXNativeTarget "delighted" */;
			buildPhases = (
				CB369B71127A801713FF77191EADD4F5 /* Headers */,
				30CBE41BC25BFFF3B23375B20D9EDBEA /* Sources */,
				F46610A249264C2C9417E32188D26D8A /* Frameworks */,
				0C44B3AA52B62D6B477A3A742546BFE0 /* Resources */,
			);
			buildRules = (
			);
			dependencies = (
				2D346392E56589676238C4116C08EA54 /* PBXTargetDependency */,
			);
			name = delighted;
			productName = delighted;
			productReference = F4A8C4A16BFDD0E7C5787538359553DC /* Delighted.framework */;
			productType = "com.apple.product-type.framework";
		};
		9B78EE4AF6AE03E79D88886319853FF7 /* Starscream */ = {
			isa = PBXNativeTarget;
			buildConfigurationList = ED5C15C705AB67930733A7E237A0A33A /* Build configuration list for PBXNativeTarget "Starscream" */;
			buildPhases = (
				ABD37AF9B9F78580D159AE761C456202 /* Headers */,
				621EE447A1C117BDCD418F5DE070FD3C /* Sources */,
				09206235EB9393FD6D895453F2569AF9 /* Frameworks */,
				BE174469BA3F43D1B5CE60520CA93EB3 /* Resources */,
			);
			buildRules = (
			);
			dependencies = (
			);
			name = Starscream;
			productName = Starscream;
			productReference = 891B2270823847ED23F2ECFC28F935EC /* Starscream.framework */;
			productType = "com.apple.product-type.framework";
		};
		C2AE1CBF89437057FBC0002186F09C56 /* Pods-delighted_Example */ = {
			isa = PBXNativeTarget;
			buildConfigurationList = E62100041F96371530C829D4708CD474 /* Build configuration list for PBXNativeTarget "Pods-delighted_Example" */;
			buildPhases = (
				E67A31DB8768712CEE93200739A593E1 /* Headers */,
				4906B0F8B5BAAB4A0A96E400C37DF3A8 /* Sources */,
				6BB41ABC42C5900FC8239EE26F2291BE /* Frameworks */,
				678C8028A5C38428A80C6F605787C993 /* Resources */,
			);
			buildRules = (
			);
			dependencies = (
				F8B73B55D22D70E18B55780DD33CFB1E /* PBXTargetDependency */,
				E04990F724CF04C8DCDEEA3405B997CD /* PBXTargetDependency */,
			);
			name = "Pods-delighted_Example";
			productName = "Pods-delighted_Example";
			productReference = 8C545FE6F9B7B409F28F48F7BC9177C3 /* Pods_delighted_Example.framework */;
			productType = "com.apple.product-type.framework";
		};
/* End PBXNativeTarget section */

/* Begin PBXProject section */
		BFDFE7DC352907FC980B868725387E98 /* Project object */ = {
			isa = PBXProject;
			attributes = {
				LastSwiftUpdateCheck = 1100;
				LastUpgradeCheck = 1100;
			};
			buildConfigurationList = 4821239608C13582E20E6DA73FD5F1F9 /* Build configuration list for PBXProject "Pods" */;
			compatibilityVersion = "Xcode 3.2";
			developmentRegion = en;
			hasScannedForEncodings = 0;
			knownRegions = (
				en,
			);
			mainGroup = CF1408CF629C7361332E53B88F7BD30C;
			productRefGroup = 4EB2B1F2E22DBFC5D8D445D12F6F3CD2 /* Products */;
			projectDirPath = "";
			projectRoot = "";
			targets = (
				89566DDF05F3655DC43B35ACB69C1381 /* delighted */,
				C2AE1CBF89437057FBC0002186F09C56 /* Pods-delighted_Example */,
				6D8A6474CD7D663B23AB2364D79DA094 /* Pods-delighted_Tests */,
				9B78EE4AF6AE03E79D88886319853FF7 /* Starscream */,
			);
		};
/* End PBXProject section */

/* Begin PBXResourcesBuildPhase section */
		0C44B3AA52B62D6B477A3A742546BFE0 /* Resources */ = {
			isa = PBXResourcesBuildPhase;
			buildActionMask = 2147483647;
			files = (
				30B52BD8B6AE85530ED2314020C5D6C5 /* Assets.xcassets in Resources */,
			);
			runOnlyForDeploymentPostprocessing = 0;
		};
		3C5188FE32573A820EC0E4B5B923CE45 /* Resources */ = {
			isa = PBXResourcesBuildPhase;
			buildActionMask = 2147483647;
			files = (
			);
			runOnlyForDeploymentPostprocessing = 0;
		};
		678C8028A5C38428A80C6F605787C993 /* Resources */ = {
			isa = PBXResourcesBuildPhase;
			buildActionMask = 2147483647;
			files = (
			);
			runOnlyForDeploymentPostprocessing = 0;
		};
		BE174469BA3F43D1B5CE60520CA93EB3 /* Resources */ = {
			isa = PBXResourcesBuildPhase;
			buildActionMask = 2147483647;
			files = (
			);
			runOnlyForDeploymentPostprocessing = 0;
		};
/* End PBXResourcesBuildPhase section */

/* Begin PBXSourcesBuildPhase section */
		30CBE41BC25BFFF3B23375B20D9EDBEA /* Sources */ = {
			isa = PBXSourcesBuildPhase;
			buildActionMask = 2147483647;
			files = (
				66FB10B997C69F3EF70DBFAF2C4BD73D /* AdditionalQuestionViewController.swift in Sources */,
				4429D8525D33AA7915FC99B09DE2462F /* API.swift in Sources */,
				4F5423787D28BAF992E7D0D44B47A2AC /* Button.swift in Sources */,
				D4F23B5A85713269ED00507812F77D60 /* CES.swift in Sources */,
				AAFEDD04E2D802E49DA455BD919DEA91 /* ClientEligibility.swift in Sources */,
				DE1BF12EB2AAD21E6AF4D49F277C1FAA /* CloseButton.swift in Sources */,
				FFDBC941F2CAE836E6D2DEC5B9408A8C /* Colors.swift in Sources */,
				6ACE1BD817DD619B02AE1F686A7A85A9 /* Component.swift in Sources */,
				F73345DBF4957D05059193C5B29163A5 /* Configuration.swift in Sources */,
				DC3DC04420D4DC1D0084ECE20134047C /* CSAT.swift in Sources */,
				FAA14E5A1D8A829395A3D83B6D185A7F /* delighted-dummy.m in Sources */,
				165E0436CBEBB9014B6E2A2D47415C32 /* Delighted.swift in Sources */,
				55B60B67F3632C0B76D95449E523BA3F /* DelightedPageViewController.swift in Sources */,
				38E80D301205AE65BD0FF956748EA0A3 /* EligibilityConfiguration.swift in Sources */,
				A5815BDB6C24678732637495694D9863 /* Haptic.swift in Sources */,
				3EE846C605FA839E0C2008EC449AA2F7 /* Images.swift in Sources */,
				6CB64EC3280043EFA60D259C3A6D178C /* NPS.swift in Sources */,
				FB4E0180A8293141C5F8B5B1CB3313B9 /* OptionSelect.swift in Sources */,
				33B09F50CF63CFE7D19F7F1A52618D63 /* Person.swift in Sources */,
				E039C7C26C8F6CBD3A093AE5E0D0111B /* PoweredBy.swift in Sources */,
				6075FFEE2B84B4C175AE6E64DE16C503 /* Properties.swift in Sources */,
				49957D098CC38F7A49405A2DF41FD4C6 /* Pusher.swift in Sources */,
				0740EA331D08165D95F58DF7AAD58941 /* Scale.swift in Sources */,
				72FF167097D6DA9DD831E64CEEA7BDB2 /* Smileys.swift in Sources */,
				204CDEC532C277504B55D1EF09A13225 /* Stars.swift in Sources */,
				005CC9CFFA0225A31470DB0FF9C0B678 /* Strings.swift in Sources */,
				DB5979BC32B839F05E5076E0E9F582B2 /* Survey.swift in Sources */,
				2E7A105974B650F9E6DE7219ED368EF3 /* SurveyRequest.swift in Sources */,
				5169CC3A654AF308693E6C668F793091 /* SurveyResponse.swift in Sources */,
				BD1619C2E9F3C8E28F200569BD024577 /* SurveySession.swift in Sources */,
				2AA8284EFD47D5F6C8C50DBD0BD4E52B /* SurveyViewController.swift in Sources */,
				8CD531B56310E2587C22A3419FBAFD78 /* TextArea.swift in Sources */,
				36B239BA9DFBBDEDDF867DC02998CF97 /* ThankYou.swift in Sources */,
				868860D15AD0F5C2055F682D882290DF /* ThankYouViewController.swift in Sources */,
				C3B0DAA07697E70DC4E4031AE12EEA51 /* Theme.swift in Sources */,
				7D576A6656F74A09DE9DC8FAE52FF5D5 /* Thumbs.swift in Sources */,
				6C2865D479C97B3148C788DF1186E8A2 /* Version.swift in Sources */,
				ABE74BA0D838536512AFB4D96A865C99 /* ViewLayout.swift in Sources */,
			);
			runOnlyForDeploymentPostprocessing = 0;
		};
		4906B0F8B5BAAB4A0A96E400C37DF3A8 /* Sources */ = {
			isa = PBXSourcesBuildPhase;
			buildActionMask = 2147483647;
			files = (
				B5808C52B86463EF65F1C53B214B0F81 /* Pods-delighted_Example-dummy.m in Sources */,
			);
			runOnlyForDeploymentPostprocessing = 0;
		};
		621EE447A1C117BDCD418F5DE070FD3C /* Sources */ = {
			isa = PBXSourcesBuildPhase;
			buildActionMask = 2147483647;
			files = (
				068E5963381B58D7D8CD321462F567ED /* Compression.swift in Sources */,
				1627E6FA0453D6DB472BA444F1D32AE7 /* SSLClientCertificate.swift in Sources */,
				8B3350D96B15B975184C8EE0819F9623 /* SSLSecurity.swift in Sources */,
				294D61E8A195B6A1F6AEDCF0F73599A5 /* Starscream-dummy.m in Sources */,
				C02D9FEB295BDA1359D2F52C80F8E75A /* WebSocket.swift in Sources */,
			);
			runOnlyForDeploymentPostprocessing = 0;
		};
		6E56632302219013A4009A2CB92445F6 /* Sources */ = {
			isa = PBXSourcesBuildPhase;
			buildActionMask = 2147483647;
			files = (
				9714149B55038F3DABFFCCCFD96DFA51 /* Pods-delighted_Tests-dummy.m in Sources */,
			);
			runOnlyForDeploymentPostprocessing = 0;
		};
/* End PBXSourcesBuildPhase section */

/* Begin PBXTargetDependency section */
		23D101EF3432D104BFF3F7F298238590 /* PBXTargetDependency */ = {
			isa = PBXTargetDependency;
			name = "Pods-delighted_Example";
			target = C2AE1CBF89437057FBC0002186F09C56 /* Pods-delighted_Example */;
			targetProxy = 2F9414C810AC099A555DFE72876746E8 /* PBXContainerItemProxy */;
		};
		2D346392E56589676238C4116C08EA54 /* PBXTargetDependency */ = {
			isa = PBXTargetDependency;
			name = Starscream;
			target = 9B78EE4AF6AE03E79D88886319853FF7 /* Starscream */;
			targetProxy = BB423E4009D24355563362C989015A63 /* PBXContainerItemProxy */;
		};
		E04990F724CF04C8DCDEEA3405B997CD /* PBXTargetDependency */ = {
			isa = PBXTargetDependency;
			name = delighted;
			target = 89566DDF05F3655DC43B35ACB69C1381 /* delighted */;
			targetProxy = 9AF73C287A9D7920A2A5EB20EB95733D /* PBXContainerItemProxy */;
		};
		F8B73B55D22D70E18B55780DD33CFB1E /* PBXTargetDependency */ = {
			isa = PBXTargetDependency;
			name = Starscream;
			target = 9B78EE4AF6AE03E79D88886319853FF7 /* Starscream */;
			targetProxy = C87263BCBC26CAB789AD68FC0736FA14 /* PBXContainerItemProxy */;
		};
/* End PBXTargetDependency section */

/* Begin XCBuildConfiguration section */
		4C3F6DC9A838C1764EE497BE895F2F00 /* Debug */ = {
			isa = XCBuildConfiguration;
			baseConfigurationReference = 4A1630A6ABD8793FBAD1BE86C22D46C3 /* Pods-delighted_Tests.debug.xcconfig */;
			buildSettings = {
				ALWAYS_EMBED_SWIFT_STANDARD_LIBRARIES = NO;
				CODE_SIGN_IDENTITY = "";
				"CODE_SIGN_IDENTITY[sdk=appletvos*]" = "";
				"CODE_SIGN_IDENTITY[sdk=iphoneos*]" = "";
				"CODE_SIGN_IDENTITY[sdk=watchos*]" = "";
				CURRENT_PROJECT_VERSION = 1;
				DEFINES_MODULE = YES;
				DYLIB_COMPATIBILITY_VERSION = 1;
				DYLIB_CURRENT_VERSION = 1;
				DYLIB_INSTALL_NAME_BASE = "@rpath";
				INFOPLIST_FILE = "Target Support Files/Pods-delighted_Tests/Pods-delighted_Tests-Info.plist";
				INSTALL_PATH = "$(LOCAL_LIBRARY_DIR)/Frameworks";
				IPHONEOS_DEPLOYMENT_TARGET = 9.3;
				LD_RUNPATH_SEARCH_PATHS = "$(inherited) @executable_path/Frameworks @loader_path/Frameworks";
				MACH_O_TYPE = staticlib;
				MODULEMAP_FILE = "Target Support Files/Pods-delighted_Tests/Pods-delighted_Tests.modulemap";
				OTHER_LDFLAGS = "";
				OTHER_LIBTOOLFLAGS = "";
				PODS_ROOT = "$(SRCROOT)";
				PRODUCT_BUNDLE_IDENTIFIER = "org.cocoapods.${PRODUCT_NAME:rfc1034identifier}";
				PRODUCT_NAME = "$(TARGET_NAME:c99extidentifier)";
				SDKROOT = iphoneos;
				SKIP_INSTALL = YES;
				TARGETED_DEVICE_FAMILY = "1,2";
				VERSIONING_SYSTEM = "apple-generic";
				VERSION_INFO_PREFIX = "";
			};
			name = Debug;
		};
		73968A14EF0365E654FA09AC14885BA9 /* Debug */ = {
			isa = XCBuildConfiguration;
			baseConfigurationReference = 64D5E391E11E3D9A03B0ACF80CFBA3B2 /* Starscream.xcconfig */;
			buildSettings = {
				CODE_SIGN_IDENTITY = "";
				"CODE_SIGN_IDENTITY[sdk=appletvos*]" = "";
				"CODE_SIGN_IDENTITY[sdk=iphoneos*]" = "";
				"CODE_SIGN_IDENTITY[sdk=watchos*]" = "";
				CURRENT_PROJECT_VERSION = 1;
				DEFINES_MODULE = YES;
				DYLIB_COMPATIBILITY_VERSION = 1;
				DYLIB_CURRENT_VERSION = 1;
				DYLIB_INSTALL_NAME_BASE = "@rpath";
				GCC_PREFIX_HEADER = "Target Support Files/Starscream/Starscream-prefix.pch";
				INFOPLIST_FILE = "Target Support Files/Starscream/Starscream-Info.plist";
				INSTALL_PATH = "$(LOCAL_LIBRARY_DIR)/Frameworks";
				IPHONEOS_DEPLOYMENT_TARGET = 8.0;
				LD_RUNPATH_SEARCH_PATHS = "$(inherited) @executable_path/Frameworks @loader_path/Frameworks";
				MODULEMAP_FILE = "Target Support Files/Starscream/Starscream.modulemap";
				PRODUCT_MODULE_NAME = Starscream;
				PRODUCT_NAME = Starscream;
				SDKROOT = iphoneos;
				SKIP_INSTALL = YES;
				SWIFT_ACTIVE_COMPILATION_CONDITIONS = "$(inherited) ";
				SWIFT_VERSION = 5.0;
				TARGETED_DEVICE_FAMILY = "1,2";
				VERSIONING_SYSTEM = "apple-generic";
				VERSION_INFO_PREFIX = "";
			};
			name = Debug;
		};
		75666EB3F80A81C6C21B0248DE5F16DA /* Debug */ = {
			isa = XCBuildConfiguration;
			baseConfigurationReference = BE2229C7DD75AE85B4A353B7973AF315 /* Pods-delighted_Example.debug.xcconfig */;
			buildSettings = {
				ALWAYS_EMBED_SWIFT_STANDARD_LIBRARIES = NO;
				CODE_SIGN_IDENTITY = "";
				"CODE_SIGN_IDENTITY[sdk=appletvos*]" = "";
				"CODE_SIGN_IDENTITY[sdk=iphoneos*]" = "";
				"CODE_SIGN_IDENTITY[sdk=watchos*]" = "";
				CURRENT_PROJECT_VERSION = 1;
				DEFINES_MODULE = YES;
				DYLIB_COMPATIBILITY_VERSION = 1;
				DYLIB_CURRENT_VERSION = 1;
				DYLIB_INSTALL_NAME_BASE = "@rpath";
				INFOPLIST_FILE = "Target Support Files/Pods-delighted_Example/Pods-delighted_Example-Info.plist";
				INSTALL_PATH = "$(LOCAL_LIBRARY_DIR)/Frameworks";
				IPHONEOS_DEPLOYMENT_TARGET = 9.3;
				LD_RUNPATH_SEARCH_PATHS = "$(inherited) @executable_path/Frameworks @loader_path/Frameworks";
				MACH_O_TYPE = staticlib;
				MODULEMAP_FILE = "Target Support Files/Pods-delighted_Example/Pods-delighted_Example.modulemap";
				OTHER_LDFLAGS = "";
				OTHER_LIBTOOLFLAGS = "";
				PODS_ROOT = "$(SRCROOT)";
				PRODUCT_BUNDLE_IDENTIFIER = "org.cocoapods.${PRODUCT_NAME:rfc1034identifier}";
				PRODUCT_NAME = "$(TARGET_NAME:c99extidentifier)";
				SDKROOT = iphoneos;
				SKIP_INSTALL = YES;
				TARGETED_DEVICE_FAMILY = "1,2";
				VERSIONING_SYSTEM = "apple-generic";
				VERSION_INFO_PREFIX = "";
			};
			name = Debug;
		};
		7C0668AB3AEA46F2D33B4DD4322F041D /* Release */ = {
			isa = XCBuildConfiguration;
			baseConfigurationReference = 64D5E391E11E3D9A03B0ACF80CFBA3B2 /* Starscream.xcconfig */;
			buildSettings = {
				CODE_SIGN_IDENTITY = "";
				"CODE_SIGN_IDENTITY[sdk=appletvos*]" = "";
				"CODE_SIGN_IDENTITY[sdk=iphoneos*]" = "";
				"CODE_SIGN_IDENTITY[sdk=watchos*]" = "";
				CURRENT_PROJECT_VERSION = 1;
				DEFINES_MODULE = YES;
				DYLIB_COMPATIBILITY_VERSION = 1;
				DYLIB_CURRENT_VERSION = 1;
				DYLIB_INSTALL_NAME_BASE = "@rpath";
				GCC_PREFIX_HEADER = "Target Support Files/Starscream/Starscream-prefix.pch";
				INFOPLIST_FILE = "Target Support Files/Starscream/Starscream-Info.plist";
				INSTALL_PATH = "$(LOCAL_LIBRARY_DIR)/Frameworks";
				IPHONEOS_DEPLOYMENT_TARGET = 8.0;
				LD_RUNPATH_SEARCH_PATHS = "$(inherited) @executable_path/Frameworks @loader_path/Frameworks";
				MODULEMAP_FILE = "Target Support Files/Starscream/Starscream.modulemap";
				PRODUCT_MODULE_NAME = Starscream;
				PRODUCT_NAME = Starscream;
				SDKROOT = iphoneos;
				SKIP_INSTALL = YES;
				SWIFT_ACTIVE_COMPILATION_CONDITIONS = "$(inherited) ";
				SWIFT_VERSION = 5.0;
				TARGETED_DEVICE_FAMILY = "1,2";
				VALIDATE_PRODUCT = YES;
				VERSIONING_SYSTEM = "apple-generic";
				VERSION_INFO_PREFIX = "";
			};
			name = Release;
		};
		875C780506DE82561CE504488964B941 /* Debug */ = {
			isa = XCBuildConfiguration;
			baseConfigurationReference = F7A1C9B15DE01BD290B873C909B493D8 /* delighted.xcconfig */;
			buildSettings = {
				CLANG_ENABLE_OBJC_WEAK = NO;
				CODE_SIGN_IDENTITY = "";
				"CODE_SIGN_IDENTITY[sdk=appletvos*]" = "";
				"CODE_SIGN_IDENTITY[sdk=iphoneos*]" = "";
				"CODE_SIGN_IDENTITY[sdk=watchos*]" = "";
				CURRENT_PROJECT_VERSION = 1;
				DEFINES_MODULE = YES;
				DYLIB_COMPATIBILITY_VERSION = 1;
				DYLIB_CURRENT_VERSION = 1;
				DYLIB_INSTALL_NAME_BASE = "@rpath";
				GCC_PREFIX_HEADER = "Target Support Files/delighted/delighted-prefix.pch";
				INFOPLIST_FILE = "Target Support Files/delighted/delighted-Info.plist";
				INSTALL_PATH = "$(LOCAL_LIBRARY_DIR)/Frameworks";
				IPHONEOS_DEPLOYMENT_TARGET = 11.4;
				LD_RUNPATH_SEARCH_PATHS = "$(inherited) @executable_path/Frameworks @loader_path/Frameworks";
				MODULEMAP_FILE = "Target Support Files/delighted/delighted.modulemap";
				PRODUCT_MODULE_NAME = Delighted;
				PRODUCT_NAME = Delighted;
				SDKROOT = iphoneos;
				SKIP_INSTALL = YES;
				SWIFT_ACTIVE_COMPILATION_CONDITIONS = "$(inherited) ";
				SWIFT_VERSION = 5.0;
				TARGETED_DEVICE_FAMILY = "1,2";
				VERSIONING_SYSTEM = "apple-generic";
				VERSION_INFO_PREFIX = "";
			};
			name = Debug;
		};
		B0087CB4594321EF41619F3181FE120E /* Release */ = {
			isa = XCBuildConfiguration;
			buildSettings = {
				ALWAYS_SEARCH_USER_PATHS = NO;
				CLANG_ANALYZER_NONNULL = YES;
				CLANG_ANALYZER_NUMBER_OBJECT_CONVERSION = YES_AGGRESSIVE;
				CLANG_CXX_LANGUAGE_STANDARD = "gnu++14";
				CLANG_CXX_LIBRARY = "libc++";
				CLANG_ENABLE_MODULES = YES;
				CLANG_ENABLE_OBJC_ARC = YES;
				CLANG_ENABLE_OBJC_WEAK = YES;
				CLANG_WARN_BLOCK_CAPTURE_AUTORELEASING = YES;
				CLANG_WARN_BOOL_CONVERSION = YES;
				CLANG_WARN_COMMA = YES;
				CLANG_WARN_CONSTANT_CONVERSION = YES;
				CLANG_WARN_DEPRECATED_OBJC_IMPLEMENTATIONS = YES;
				CLANG_WARN_DIRECT_OBJC_ISA_USAGE = YES_ERROR;
				CLANG_WARN_DOCUMENTATION_COMMENTS = YES;
				CLANG_WARN_EMPTY_BODY = YES;
				CLANG_WARN_ENUM_CONVERSION = YES;
				CLANG_WARN_INFINITE_RECURSION = YES;
				CLANG_WARN_INT_CONVERSION = YES;
				CLANG_WARN_NON_LITERAL_NULL_CONVERSION = YES;
				CLANG_WARN_OBJC_IMPLICIT_RETAIN_SELF = YES;
				CLANG_WARN_OBJC_LITERAL_CONVERSION = YES;
				CLANG_WARN_OBJC_ROOT_CLASS = YES_ERROR;
				CLANG_WARN_RANGE_LOOP_ANALYSIS = YES;
				CLANG_WARN_STRICT_PROTOTYPES = YES;
				CLANG_WARN_SUSPICIOUS_MOVE = YES;
				CLANG_WARN_UNGUARDED_AVAILABILITY = YES_AGGRESSIVE;
				CLANG_WARN_UNREACHABLE_CODE = YES;
				CLANG_WARN__DUPLICATE_METHOD_MATCH = YES;
				COPY_PHASE_STRIP = NO;
				DEBUG_INFORMATION_FORMAT = "dwarf-with-dsym";
				ENABLE_NS_ASSERTIONS = NO;
				ENABLE_STRICT_OBJC_MSGSEND = YES;
				GCC_C_LANGUAGE_STANDARD = gnu11;
				GCC_NO_COMMON_BLOCKS = YES;
				GCC_PREPROCESSOR_DEFINITIONS = (
					"POD_CONFIGURATION_RELEASE=1",
					"$(inherited)",
				);
				GCC_WARN_64_TO_32_BIT_CONVERSION = YES;
				GCC_WARN_ABOUT_RETURN_TYPE = YES_ERROR;
				GCC_WARN_UNDECLARED_SELECTOR = YES;
				GCC_WARN_UNINITIALIZED_AUTOS = YES_AGGRESSIVE;
				GCC_WARN_UNUSED_FUNCTION = YES;
				GCC_WARN_UNUSED_VARIABLE = YES;
				IPHONEOS_DEPLOYMENT_TARGET = 9.3;
				MTL_ENABLE_DEBUG_INFO = NO;
				MTL_FAST_MATH = YES;
				PRODUCT_NAME = "$(TARGET_NAME)";
				STRIP_INSTALLED_PRODUCT = NO;
				SWIFT_COMPILATION_MODE = wholemodule;
				SWIFT_OPTIMIZATION_LEVEL = "-O";
				SWIFT_VERSION = 5.0;
				SYMROOT = "${SRCROOT}/../build";
			};
			name = Release;
		};
		B8BCBD0110C2658BB5DAADB9B7D97B92 /* Debug */ = {
			isa = XCBuildConfiguration;
			buildSettings = {
				ALWAYS_SEARCH_USER_PATHS = NO;
				CLANG_ANALYZER_NONNULL = YES;
				CLANG_ANALYZER_NUMBER_OBJECT_CONVERSION = YES_AGGRESSIVE;
				CLANG_CXX_LANGUAGE_STANDARD = "gnu++14";
				CLANG_CXX_LIBRARY = "libc++";
				CLANG_ENABLE_MODULES = YES;
				CLANG_ENABLE_OBJC_ARC = YES;
				CLANG_ENABLE_OBJC_WEAK = YES;
				CLANG_WARN_BLOCK_CAPTURE_AUTORELEASING = YES;
				CLANG_WARN_BOOL_CONVERSION = YES;
				CLANG_WARN_COMMA = YES;
				CLANG_WARN_CONSTANT_CONVERSION = YES;
				CLANG_WARN_DEPRECATED_OBJC_IMPLEMENTATIONS = YES;
				CLANG_WARN_DIRECT_OBJC_ISA_USAGE = YES_ERROR;
				CLANG_WARN_DOCUMENTATION_COMMENTS = YES;
				CLANG_WARN_EMPTY_BODY = YES;
				CLANG_WARN_ENUM_CONVERSION = YES;
				CLANG_WARN_INFINITE_RECURSION = YES;
				CLANG_WARN_INT_CONVERSION = YES;
				CLANG_WARN_NON_LITERAL_NULL_CONVERSION = YES;
				CLANG_WARN_OBJC_IMPLICIT_RETAIN_SELF = YES;
				CLANG_WARN_OBJC_LITERAL_CONVERSION = YES;
				CLANG_WARN_OBJC_ROOT_CLASS = YES_ERROR;
				CLANG_WARN_RANGE_LOOP_ANALYSIS = YES;
				CLANG_WARN_STRICT_PROTOTYPES = YES;
				CLANG_WARN_SUSPICIOUS_MOVE = YES;
				CLANG_WARN_UNGUARDED_AVAILABILITY = YES_AGGRESSIVE;
				CLANG_WARN_UNREACHABLE_CODE = YES;
				CLANG_WARN__DUPLICATE_METHOD_MATCH = YES;
				COPY_PHASE_STRIP = NO;
				DEBUG_INFORMATION_FORMAT = dwarf;
				ENABLE_STRICT_OBJC_MSGSEND = YES;
				ENABLE_TESTABILITY = YES;
				GCC_C_LANGUAGE_STANDARD = gnu11;
				GCC_DYNAMIC_NO_PIC = NO;
				GCC_NO_COMMON_BLOCKS = YES;
				GCC_OPTIMIZATION_LEVEL = 0;
				GCC_PREPROCESSOR_DEFINITIONS = (
					"POD_CONFIGURATION_DEBUG=1",
					"DEBUG=1",
					"$(inherited)",
				);
				GCC_WARN_64_TO_32_BIT_CONVERSION = YES;
				GCC_WARN_ABOUT_RETURN_TYPE = YES_ERROR;
				GCC_WARN_UNDECLARED_SELECTOR = YES;
				GCC_WARN_UNINITIALIZED_AUTOS = YES_AGGRESSIVE;
				GCC_WARN_UNUSED_FUNCTION = YES;
				GCC_WARN_UNUSED_VARIABLE = YES;
				IPHONEOS_DEPLOYMENT_TARGET = 9.3;
				MTL_ENABLE_DEBUG_INFO = INCLUDE_SOURCE;
				MTL_FAST_MATH = YES;
				ONLY_ACTIVE_ARCH = YES;
				PRODUCT_NAME = "$(TARGET_NAME)";
				STRIP_INSTALLED_PRODUCT = NO;
				SWIFT_ACTIVE_COMPILATION_CONDITIONS = DEBUG;
				SWIFT_OPTIMIZATION_LEVEL = "-Onone";
				SWIFT_VERSION = 5.0;
				SYMROOT = "${SRCROOT}/../build";
			};
			name = Debug;
		};
		BC0CB609172A9444475BE2BB4ADA06E4 /* Release */ = {
			isa = XCBuildConfiguration;
			baseConfigurationReference = F7A1C9B15DE01BD290B873C909B493D8 /* delighted.xcconfig */;
			buildSettings = {
				CLANG_ENABLE_OBJC_WEAK = NO;
				CODE_SIGN_IDENTITY = "";
				"CODE_SIGN_IDENTITY[sdk=appletvos*]" = "";
				"CODE_SIGN_IDENTITY[sdk=iphoneos*]" = "";
				"CODE_SIGN_IDENTITY[sdk=watchos*]" = "";
				CURRENT_PROJECT_VERSION = 1;
				DEFINES_MODULE = YES;
				DYLIB_COMPATIBILITY_VERSION = 1;
				DYLIB_CURRENT_VERSION = 1;
				DYLIB_INSTALL_NAME_BASE = "@rpath";
				GCC_PREFIX_HEADER = "Target Support Files/delighted/delighted-prefix.pch";
				INFOPLIST_FILE = "Target Support Files/delighted/delighted-Info.plist";
				INSTALL_PATH = "$(LOCAL_LIBRARY_DIR)/Frameworks";
				IPHONEOS_DEPLOYMENT_TARGET = 11.4;
				LD_RUNPATH_SEARCH_PATHS = "$(inherited) @executable_path/Frameworks @loader_path/Frameworks";
				MODULEMAP_FILE = "Target Support Files/delighted/delighted.modulemap";
				PRODUCT_MODULE_NAME = Delighted;
				PRODUCT_NAME = Delighted;
				SDKROOT = iphoneos;
				SKIP_INSTALL = YES;
				SWIFT_ACTIVE_COMPILATION_CONDITIONS = "$(inherited) ";
				SWIFT_VERSION = 5.0;
				TARGETED_DEVICE_FAMILY = "1,2";
				VALIDATE_PRODUCT = YES;
				VERSIONING_SYSTEM = "apple-generic";
				VERSION_INFO_PREFIX = "";
			};
			name = Release;
		};
		C7D356333F6112083D69173B3A5162DF /* Release */ = {
			isa = XCBuildConfiguration;
			baseConfigurationReference = 1E507858E7279D4C2470CEE01D8D1757 /* Pods-delighted_Example.release.xcconfig */;
			buildSettings = {
				ALWAYS_EMBED_SWIFT_STANDARD_LIBRARIES = NO;
				CODE_SIGN_IDENTITY = "";
				"CODE_SIGN_IDENTITY[sdk=appletvos*]" = "";
				"CODE_SIGN_IDENTITY[sdk=iphoneos*]" = "";
				"CODE_SIGN_IDENTITY[sdk=watchos*]" = "";
				CURRENT_PROJECT_VERSION = 1;
				DEFINES_MODULE = YES;
				DYLIB_COMPATIBILITY_VERSION = 1;
				DYLIB_CURRENT_VERSION = 1;
				DYLIB_INSTALL_NAME_BASE = "@rpath";
				INFOPLIST_FILE = "Target Support Files/Pods-delighted_Example/Pods-delighted_Example-Info.plist";
				INSTALL_PATH = "$(LOCAL_LIBRARY_DIR)/Frameworks";
				IPHONEOS_DEPLOYMENT_TARGET = 9.3;
				LD_RUNPATH_SEARCH_PATHS = "$(inherited) @executable_path/Frameworks @loader_path/Frameworks";
				MACH_O_TYPE = staticlib;
				MODULEMAP_FILE = "Target Support Files/Pods-delighted_Example/Pods-delighted_Example.modulemap";
				OTHER_LDFLAGS = "";
				OTHER_LIBTOOLFLAGS = "";
				PODS_ROOT = "$(SRCROOT)";
				PRODUCT_BUNDLE_IDENTIFIER = "org.cocoapods.${PRODUCT_NAME:rfc1034identifier}";
				PRODUCT_NAME = "$(TARGET_NAME:c99extidentifier)";
				SDKROOT = iphoneos;
				SKIP_INSTALL = YES;
				TARGETED_DEVICE_FAMILY = "1,2";
				VALIDATE_PRODUCT = YES;
				VERSIONING_SYSTEM = "apple-generic";
				VERSION_INFO_PREFIX = "";
			};
			name = Release;
		};
		EE57C4E0EBC013D5F20C87E7430230E7 /* Release */ = {
			isa = XCBuildConfiguration;
			baseConfigurationReference = 66B06C3B94766EC0270E47B666348D04 /* Pods-delighted_Tests.release.xcconfig */;
			buildSettings = {
				ALWAYS_EMBED_SWIFT_STANDARD_LIBRARIES = NO;
				CODE_SIGN_IDENTITY = "";
				"CODE_SIGN_IDENTITY[sdk=appletvos*]" = "";
				"CODE_SIGN_IDENTITY[sdk=iphoneos*]" = "";
				"CODE_SIGN_IDENTITY[sdk=watchos*]" = "";
				CURRENT_PROJECT_VERSION = 1;
				DEFINES_MODULE = YES;
				DYLIB_COMPATIBILITY_VERSION = 1;
				DYLIB_CURRENT_VERSION = 1;
				DYLIB_INSTALL_NAME_BASE = "@rpath";
				INFOPLIST_FILE = "Target Support Files/Pods-delighted_Tests/Pods-delighted_Tests-Info.plist";
				INSTALL_PATH = "$(LOCAL_LIBRARY_DIR)/Frameworks";
				IPHONEOS_DEPLOYMENT_TARGET = 9.3;
				LD_RUNPATH_SEARCH_PATHS = "$(inherited) @executable_path/Frameworks @loader_path/Frameworks";
				MACH_O_TYPE = staticlib;
				MODULEMAP_FILE = "Target Support Files/Pods-delighted_Tests/Pods-delighted_Tests.modulemap";
				OTHER_LDFLAGS = "";
				OTHER_LIBTOOLFLAGS = "";
				PODS_ROOT = "$(SRCROOT)";
				PRODUCT_BUNDLE_IDENTIFIER = "org.cocoapods.${PRODUCT_NAME:rfc1034identifier}";
				PRODUCT_NAME = "$(TARGET_NAME:c99extidentifier)";
				SDKROOT = iphoneos;
				SKIP_INSTALL = YES;
				TARGETED_DEVICE_FAMILY = "1,2";
				VALIDATE_PRODUCT = YES;
				VERSIONING_SYSTEM = "apple-generic";
				VERSION_INFO_PREFIX = "";
			};
			name = Release;
		};
/* End XCBuildConfiguration section */

/* Begin XCConfigurationList section */
		4821239608C13582E20E6DA73FD5F1F9 /* Build configuration list for PBXProject "Pods" */ = {
			isa = XCConfigurationList;
			buildConfigurations = (
				B8BCBD0110C2658BB5DAADB9B7D97B92 /* Debug */,
				B0087CB4594321EF41619F3181FE120E /* Release */,
			);
			defaultConfigurationIsVisible = 0;
			defaultConfigurationName = Release;
		};
		B37291252A5833818FF1D6CC8C33BF4E /* Build configuration list for PBXNativeTarget "Pods-delighted_Tests" */ = {
			isa = XCConfigurationList;
			buildConfigurations = (
				4C3F6DC9A838C1764EE497BE895F2F00 /* Debug */,
				EE57C4E0EBC013D5F20C87E7430230E7 /* Release */,
			);
			defaultConfigurationIsVisible = 0;
			defaultConfigurationName = Release;
		};
		E62100041F96371530C829D4708CD474 /* Build configuration list for PBXNativeTarget "Pods-delighted_Example" */ = {
			isa = XCConfigurationList;
			buildConfigurations = (
				75666EB3F80A81C6C21B0248DE5F16DA /* Debug */,
				C7D356333F6112083D69173B3A5162DF /* Release */,
			);
			defaultConfigurationIsVisible = 0;
			defaultConfigurationName = Release;
		};
		ED5C15C705AB67930733A7E237A0A33A /* Build configuration list for PBXNativeTarget "Starscream" */ = {
			isa = XCConfigurationList;
			buildConfigurations = (
				73968A14EF0365E654FA09AC14885BA9 /* Debug */,
				7C0668AB3AEA46F2D33B4DD4322F041D /* Release */,
			);
			defaultConfigurationIsVisible = 0;
			defaultConfigurationName = Release;
		};
		F08066D801538E234C1E172FF4A28312 /* Build configuration list for PBXNativeTarget "delighted" */ = {
			isa = XCConfigurationList;
			buildConfigurations = (
				875C780506DE82561CE504488964B941 /* Debug */,
				BC0CB609172A9444475BE2BB4ADA06E4 /* Release */,
			);
			defaultConfigurationIsVisible = 0;
			defaultConfigurationName = Release;
		};
/* End XCConfigurationList section */
	};
	rootObject = BFDFE7DC352907FC980B868725387E98 /* Project object */;
}
